
Microsoft Visual Studio Solution File, Format Version 12.00
# Visual Studio Version 16
VisualStudioVersion = 16.0.29613.14
MinimumVisualStudioVersion = 10.0.40219.1
Project("{FAE04EC0-301F-11D3-BF4B-00C04F79EFBC}") = "ETicaret.UI.Web", "ETicaret.UI.Web\ETicaret.UI.Web.csproj", "{59A2FB6A-B6B5-4690-A174-13E2BB734170}"
EndProject
Project("{FAE04EC0-301F-11D3-BF4B-00C04F79EFBC}") = "ETicaret.Core.Model", "ETicaret.Core.Model\ETicaret.Core.Model.csproj", "{4FC2EB00-84F2-4FA0-AE9E-68C961E2944B}"
EndProject
Global
	GlobalSection(SolutionConfigurationPlatforms) = preSolution
		Debug|Any CPU = Debug|Any CPU
		Release|Any CPU = Release|Any CPU
	EndGlobalSection
	GlobalSection(ProjectConfigurationPlatforms) = postSolution
		{59A2FB6A-B6B5-4690-A174-13E2BB734170}.Debug|Any CPU.ActiveCfg = Debug|Any CPU
		{59A2FB6A-B6B5-4690-A174-13E2BB734170}.Debug|Any CPU.Build.0 = Debug|Any CPU
		{59A2FB6A-B6B5-4690-A174-13E2BB734170}.Release|Any CPU.ActiveCfg = Release|Any CPU
		{59A2FB6A-B6B5-4690-A174-13E2BB734170}.Release|Any CPU.Build.0 = Release|Any CPU
		{4FC2EB00-84F2-4FA0-AE9E-68C961E2944B}.Debug|Any CPU.ActiveCfg = Debug|Any CPU
		{4FC2EB00-84F2-4FA0-AE9E-68C961E2944B}.Debug|Any CPU.Build.0 = Debug|Any CPU
		{4FC2EB00-84F2-4FA0-AE9E-68C961E2944B}.Release|Any CPU.ActiveCfg = Release|Any CPU
		{4FC2EB00-84F2-4FA0-AE9E-68C961E2944B}.Release|Any CPU.Build.0 = Release|Any CPU
	EndGlobalSection
	GlobalSection(SolutionProperties) = preSolution
		HideSolutionNode = FALSE
	EndGlobalSection
	GlobalSection(ExtensibilityGlobals) = postSolution
		SolutionGuid = {75E4EA77-512E-4D57-B982-582845A8607E}
	EndGlobalSection
EndGlobal
